<?xml version="1.0" encoding="UTF-8" standalone="yes" ?>
<CodeBlocks_project_file>
	<FileVersion major="1" minor="6" />
	<Project>
		<Option title="momo" />
		<Option pch_mode="2" />
		<Option compiler="gcc" />
		<Build>
			<Target title="Debug GCC C++11">
				<Option output="bin/Debug GCC C++11/momo" prefix_auto="1" extension_auto="1" />
				<Option object_output="obj/Debug GCC C++11/" />
				<Option type="1" />
				<Option compiler="gcc" />
				<Compiler>
					<Add option="-pedantic" />
					<Add option="-std=c++11" />
					<Add option="-Wextra" />
					<Add option="-Wall" />
					<Add option="-g" />
					<Add option="-Wold-style-cast" />
					<Add option="-Wsign-conversion" />
					<Add option="-Wno-unused-local-typedefs" />
					<Add option="-msse2" />
				</Compiler>
			</Target>
			<Target title="Release GCC C++11">
				<Option output="bin/Release GCC C++11/momo" prefix_auto="1" extension_auto="1" />
				<Option object_output="obj/Release GCC C++11/" />
				<Option type="1" />
				<Option compiler="gcc" />
				<Compiler>
					<Add option="-O3" />
					<Add option="-pedantic" />
					<Add option="-std=c++11" />
					<Add option="-Wextra" />
					<Add option="-Wall" />
					<Add option="-Wold-style-cast" />
					<Add option="-Wsign-conversion" />
					<Add option="-Wno-unused-local-typedefs" />
					<Add option="-march=native" />
					<Add option="-DNDEBUG" />
				</Compiler>
				<Linker>
					<Add option="-s" />
				</Linker>
			</Target>
			<Target title="Debug Clang C++11">
				<Option output="bin/Debug Clang C++11/momo" prefix_auto="1" extension_auto="1" />
				<Option object_output="obj/Debug Clang C++11/" />
				<Option type="1" />
				<Option compiler="clang" />
				<Compiler>
					<Add option="-pedantic" />
					<Add option="-Wextra" />
					<Add option="-Wall" />
					<Add option="-std=c++11" />
					<Add option="-g" />
					<Add option="-Wold-style-cast" />
					<Add option="-Wsign-conversion" />
					<Add option="-Wno-unused-local-typedefs" />
					<Add option="-msse2" />
				</Compiler>
			</Target>
			<Target title="Release Clang C++11">
				<Option output="bin/Release Clang C++11/momo" prefix_auto="1" extension_auto="1" />
				<Option object_output="obj/Release Clang C++11/" />
				<Option type="1" />
				<Option compiler="clang" />
				<Compiler>
					<Add option="-O3" />
					<Add option="-pedantic" />
					<Add option="-Wextra" />
					<Add option="-Wall" />
					<Add option="-std=c++11" />
					<Add option="-Wold-style-cast" />
					<Add option="-Wsign-conversion" />
					<Add option="-Wno-unused-local-typedefs" />
					<Add option="-march=native" />
					<Add option="-DNDEBUG" />
				</Compiler>
				<Linker>
					<Add option="-s" />
				</Linker>
			</Target>
			<Target title="Debug GCC C++17">
				<Option output="bin/Debug GCC C++17/momo" prefix_auto="1" extension_auto="1" />
				<Option object_output="obj/Debug GCC C++17/" />
				<Option type="1" />
				<Option compiler="gcc" />
				<Compiler>
					<Add option="-pedantic" />
					<Add option="-Wextra" />
					<Add option="-Wall" />
					<Add option="-g" />
					<Add option="-std=c++17" />
					<Add option="-Wold-style-cast" />
					<Add option="-Wsign-conversion" />
					<Add option="-Wno-unused-local-typedefs" />
					<Add option="-msse2" />
				</Compiler>
			</Target>
			<Target title="Release GCC C++17">
				<Option output="bin/Release GCC C++17/momo" prefix_auto="1" extension_auto="1" />
				<Option object_output="obj/Release GCC C++17/" />
				<Option type="1" />
				<Option compiler="gcc" />
				<Compiler>
					<Add option="-O3" />
					<Add option="-pedantic" />
					<Add option="-Wextra" />
					<Add option="-Wall" />
					<Add option="-std=c++17" />
					<Add option="-Wold-style-cast" />
					<Add option="-Wsign-conversion" />
					<Add option="-Wno-unused-local-typedefs" />
					<Add option="-march=native" />
					<Add option="-DNDEBUG" />
				</Compiler>
				<Linker>
					<Add option="-s" />
				</Linker>
			</Target>
			<Target title="Debug Clang C++17">
				<Option output="bin/Debug Clang C++17/momo" prefix_auto="1" extension_auto="1" />
				<Option object_output="obj/Debug Clang C++17/" />
				<Option type="1" />
				<Option compiler="clang" />
				<Compiler>
					<Add option="-pedantic" />
					<Add option="-Wextra" />
					<Add option="-Wall" />
					<Add option="-g" />
					<Add option="-std=c++17" />
					<Add option="-Wold-style-cast" />
					<Add option="-Wsign-conversion" />
					<Add option="-Wno-unused-local-typedefs" />
					<Add option="-msse2" />
				</Compiler>
			</Target>
			<Target title="Release Clang C++17">
				<Option output="bin/Release Clang C++17/momo" prefix_auto="1" extension_auto="1" />
				<Option object_output="obj/Release Clang C++17/" />
				<Option type="1" />
				<Option compiler="clang" />
				<Compiler>
					<Add option="-O3" />
					<Add option="-pedantic" />
					<Add option="-Wextra" />
					<Add option="-Wall" />
					<Add option="-std=c++17" />
					<Add option="-Wold-style-cast" />
					<Add option="-Wsign-conversion" />
					<Add option="-Wno-unused-local-typedefs" />
					<Add option="-march=native" />
					<Add option="-DNDEBUG" />
				</Compiler>
				<Linker>
					<Add option="-s" />
				</Linker>
			</Target>
		</Build>
		<UnitsGlob directory="../../../momo" recursive="1" wildcard="*.h" />
		<UnitsGlob directory="../../tests" recursive="0" wildcard="*.h" />
		<UnitsGlob directory="../../tests" recursive="0" wildcard="*.cpp" />
		<Extensions>
			<code_completion />
			<envvars />
			<debugger />
			<lib_finder disable_auto="1" />
		</Extensions>
	</Project>
</CodeBlocks_project_file>
