<?xml version="1.0" encoding="utf-8"?>
<Project ToolsVersion="4.0" xmlns="http://schemas.microsoft.com/developer/msbuild/2003">
  <ItemGroup>
    <Filter Include="Source Files">
      <UniqueIdentifier>{4FC737F1-C7A5-4376-A066-2A32D752A2FF}</UniqueIdentifier>
      <Extensions>cpp;c;cc;cxx;def;odl;idl;hpj;bat;asm;asmx</Extensions>
    </Filter>
    <Filter Include="Header Files">
      <UniqueIdentifier>{93995380-89BD-4b04-88EB-625FBE52EBFB}</UniqueIdentifier>
      <Extensions>h;hh;hpp;hxx;hm;inl;inc;xsd</Extensions>
    </Filter>
    <Filter Include="Resource Files">
      <UniqueIdentifier>{67DA6AB6-F800-4c08-8B7A-83BB121AAD01}</UniqueIdentifier>
      <Extensions>rc;ico;cur;bmp;dlg;rc2;rct;bin;rgs;gif;jpg;jpeg;jpe;resx;tiff;tif;png;wav;mfcribbon-ms</Extensions>
    </Filter>
    <Filter Include="Header Files\momo">
      <UniqueIdentifier>{52345af6-8c65-4a49-a4f3-e6ef5586d4a1}</UniqueIdentifier>
    </Filter>
    <Filter Include="Header Files\momo\details">
      <UniqueIdentifier>{2b1f4fb8-d24b-4fe7-9f02-d5b2bf219cec}</UniqueIdentifier>
    </Filter>
    <Filter Include="Header Files\tests">
      <UniqueIdentifier>{c9a95909-a5fa-4f86-b444-c4758e13ebc3}</UniqueIdentifier>
    </Filter>
    <Filter Include="Header Files\momo\stdish">
      <UniqueIdentifier>{72bcd55a-68a5-4ffa-9c2b-c3dcacdff214}</UniqueIdentifier>
    </Filter>
    <Filter Include="Source Files\tests">
      <UniqueIdentifier>{6ca8c7e6-94de-40ff-a346-e821505b24af}</UniqueIdentifier>
    </Filter>
  </ItemGroup>
  <ItemGroup>
    <ClCompile Include="..\..\main.cpp">
      <Filter>Source Files</Filter>
    </ClCompile>
    <ClCompile Include="..\..\tests\SimpleArrayTester.cpp">
      <Filter>Source Files\tests</Filter>
    </ClCompile>
    <ClCompile Include="..\..\tests\LibcxxTester.cpp">
      <Filter>Source Files\tests</Filter>
    </ClCompile>
    <ClCompile Include="..\..\tests\LibcxxArrayTester.cpp">
      <Filter>Source Files\tests</Filter>
    </ClCompile>
    <ClCompile Include="..\..\tests\LibcxxHashMapTesterLim4.cpp">
      <Filter>Source Files\tests</Filter>
    </ClCompile>
    <ClCompile Include="..\..\tests\LibcxxHashMapTesterLimP.cpp">
      <Filter>Source Files\tests</Filter>
    </ClCompile>
    <ClCompile Include="..\..\tests\LibcxxHashMapTesterLimP1.cpp">
      <Filter>Source Files\tests</Filter>
    </ClCompile>
    <ClCompile Include="..\..\tests\LibcxxHashMapTesterUnlimP.cpp">
      <Filter>Source Files\tests</Filter>
    </ClCompile>
    <ClCompile Include="..\..\tests\LibcxxHashSetTesterLim4.cpp">
      <Filter>Source Files\tests</Filter>
    </ClCompile>
    <ClCompile Include="..\..\tests\LibcxxHashSetTesterLimP.cpp">
      <Filter>Source Files\tests</Filter>
    </ClCompile>
    <ClCompile Include="..\..\tests\LibcxxHashSetTesterLimP1.cpp">
      <Filter>Source Files\tests</Filter>
    </ClCompile>
    <ClCompile Include="..\..\tests\LibcxxHashSetTesterUnlimP.cpp">
      <Filter>Source Files\tests</Filter>
    </ClCompile>
    <ClCompile Include="..\..\tests\LibcxxTreeSetTester.cpp">
      <Filter>Source Files\tests</Filter>
    </ClCompile>
    <ClCompile Include="..\..\tests\LibcxxTreeMapTester.cpp">
      <Filter>Source Files\tests</Filter>
    </ClCompile>
    <ClCompile Include="..\..\tests\SpeedMapTester.cpp">
      <Filter>Source Files\tests</Filter>
    </ClCompile>
    <ClCompile Include="..\..\tests\LibcxxHashMultiMapTesterLimP.cpp">
      <Filter>Source Files\tests</Filter>
    </ClCompile>
    <ClCompile Include="..\..\tests\SimpleTreeTester.cpp">
      <Filter>Source Files\tests</Filter>
    </ClCompile>
    <ClCompile Include="..\..\tests\SimpleDataTester.cpp">
      <Filter>Source Files\tests</Filter>
    </ClCompile>
    <ClCompile Include="..\..\tests\LibcxxHashMapTesterOneIA.cpp">
      <Filter>Source Files\tests</Filter>
    </ClCompile>
    <ClCompile Include="..\..\tests\LibcxxHashMapTesterLimP4.cpp">
      <Filter>Source Files\tests</Filter>
    </ClCompile>
    <ClCompile Include="..\..\tests\LibcxxHashSetTesterLimP4.cpp">
      <Filter>Source Files\tests</Filter>
    </ClCompile>
    <ClCompile Include="..\..\tests\LibcxxHashMapTesterOpenN1.cpp">
      <Filter>Source Files\tests</Filter>
    </ClCompile>
    <ClCompile Include="..\..\tests\LibcxxHashSetTesterOpen1.cpp">
      <Filter>Source Files\tests</Filter>
    </ClCompile>
    <ClCompile Include="..\..\tests\LibcxxHashMapTesterOpen1.cpp">
      <Filter>Source Files\tests</Filter>
    </ClCompile>
    <ClCompile Include="..\..\tests\LibcxxHashSetTesterOpenN1.cpp">
      <Filter>Source Files\tests</Filter>
    </ClCompile>
    <ClCompile Include="..\..\tests\LibcxxHashSetTesterOneI1.cpp">
      <Filter>Source Files\tests</Filter>
    </ClCompile>
    <ClCompile Include="..\..\tests\LibcxxHashMapTesterOpenN.cpp">
      <Filter>Source Files\tests</Filter>
    </ClCompile>
    <ClCompile Include="..\..\tests\LibcxxHashSetTesterOpenN.cpp">
      <Filter>Source Files\tests</Filter>
    </ClCompile>
    <ClCompile Include="..\..\tests\LibcxxHashMapTesterOpen2N.cpp">
      <Filter>Source Files\tests</Filter>
    </ClCompile>
    <ClCompile Include="..\..\tests\LibcxxHashSetTesterOpen2N.cpp">
      <Filter>Source Files\tests</Filter>
    </ClCompile>
    <ClCompile Include="..\..\tests\SimpleHashTesterLimP4.cpp">
      <Filter>Source Files\tests</Filter>
    </ClCompile>
    <ClCompile Include="..\..\tests\SimpleHashTesterLim4.cpp">
      <Filter>Source Files\tests</Filter>
    </ClCompile>
    <ClCompile Include="..\..\tests\SimpleHashTesterLimP.cpp">
      <Filter>Source Files\tests</Filter>
    </ClCompile>
    <ClCompile Include="..\..\tests\SimpleHashTesterLimP1.cpp">
      <Filter>Source Files\tests</Filter>
    </ClCompile>
    <ClCompile Include="..\..\tests\SimpleHashTesterOneI1.cpp">
      <Filter>Source Files\tests</Filter>
    </ClCompile>
    <ClCompile Include="..\..\tests\SimpleHashTesterOneIA.cpp">
      <Filter>Source Files\tests</Filter>
    </ClCompile>
    <ClCompile Include="..\..\tests\SimpleHashTesterOpen1.cpp">
      <Filter>Source Files\tests</Filter>
    </ClCompile>
    <ClCompile Include="..\..\tests\SimpleHashTesterOpen2N.cpp">
      <Filter>Source Files\tests</Filter>
    </ClCompile>
    <ClCompile Include="..\..\tests\SimpleHashTesterOpenN.cpp">
      <Filter>Source Files\tests</Filter>
    </ClCompile>
    <ClCompile Include="..\..\tests\SimpleHashTesterOpenN1.cpp">
      <Filter>Source Files\tests</Filter>
    </ClCompile>
    <ClCompile Include="..\..\tests\SimpleHashTesterUnlimP.cpp">
      <Filter>Source Files\tests</Filter>
    </ClCompile>
    <ClCompile Include="..\..\tests\LibcxxHashMapTesterOpen2N2.cpp">
      <Filter>Source Files\tests</Filter>
    </ClCompile>
    <ClCompile Include="..\..\tests\LibcxxHashSetTesterOpen2N2.cpp">
      <Filter>Source Files\tests</Filter>
    </ClCompile>
    <ClCompile Include="..\..\tests\SimpleHashTesterOpen2N2.cpp">
      <Filter>Source Files\tests</Filter>
    </ClCompile>
  </ItemGroup>
  <ItemGroup>
    <ClInclude Include="..\..\..\momo\HashMap.h">
      <Filter>Header Files\momo</Filter>
    </ClInclude>
    <ClInclude Include="..\..\..\momo\HashMultiMap.h">
      <Filter>Header Files\momo</Filter>
    </ClInclude>
    <ClInclude Include="..\..\..\momo\HashTraits.h">
      <Filter>Header Files\momo</Filter>
    </ClInclude>
    <ClInclude Include="..\..\..\momo\HashSet.h">
      <Filter>Header Files\momo</Filter>
    </ClInclude>
    <ClInclude Include="..\..\..\momo\details\BucketUtility.h">
      <Filter>Header Files\momo\details</Filter>
    </ClInclude>
    <ClInclude Include="..\..\..\momo\Array.h">
      <Filter>Header Files\momo</Filter>
    </ClInclude>
    <ClInclude Include="..\..\..\momo\Utility.h">
      <Filter>Header Files\momo</Filter>
    </ClInclude>
    <ClInclude Include="..\..\..\momo\ObjectManager.h">
      <Filter>Header Files\momo</Filter>
    </ClInclude>
    <ClInclude Include="..\..\..\momo\SegmentedArray.h">
      <Filter>Header Files\momo</Filter>
    </ClInclude>
    <ClInclude Include="..\..\..\momo\stdish\vector.h">
      <Filter>Header Files\momo\stdish</Filter>
    </ClInclude>
    <ClInclude Include="..\..\..\momo\stdish\unordered_map.h">
      <Filter>Header Files\momo\stdish</Filter>
    </ClInclude>
    <ClInclude Include="..\..\..\momo\stdish\unordered_set.h">
      <Filter>Header Files\momo\stdish</Filter>
    </ClInclude>
    <ClInclude Include="..\..\..\momo\ArrayUtility.h">
      <Filter>Header Files\momo</Filter>
    </ClInclude>
    <ClInclude Include="..\..\..\momo\MemManager.h">
      <Filter>Header Files\momo</Filter>
    </ClInclude>
    <ClInclude Include="..\..\..\momo\MemPool.h">
      <Filter>Header Files\momo</Filter>
    </ClInclude>
    <ClInclude Include="..\..\..\momo\details\ArrayBucket.h">
      <Filter>Header Files\momo\details</Filter>
    </ClInclude>
    <ClInclude Include="..\..\..\momo\details\HashBucketLimP1.h">
      <Filter>Header Files\momo\details</Filter>
    </ClInclude>
    <ClInclude Include="..\..\..\momo\details\HashBucketOneI1.h">
      <Filter>Header Files\momo\details</Filter>
    </ClInclude>
    <ClInclude Include="..\..\..\momo\details\HashBucketUnlimP.h">
      <Filter>Header Files\momo\details</Filter>
    </ClInclude>
    <ClInclude Include="..\..\..\momo\details\HashBucketLimP.h">
      <Filter>Header Files\momo\details</Filter>
    </ClInclude>
    <ClInclude Include="..\..\..\momo\details\HashBucketLim4.h">
      <Filter>Header Files\momo\details</Filter>
    </ClInclude>
    <ClInclude Include="..\..\tests\LibcxxVectorTests.h">
      <Filter>Header Files\tests</Filter>
    </ClInclude>
    <ClInclude Include="..\..\tests\LibcxxUnorderedMapTests.h">
      <Filter>Header Files\tests</Filter>
    </ClInclude>
    <ClInclude Include="..\..\tests\LibcxxUnorderedSetTests.h">
      <Filter>Header Files\tests</Filter>
    </ClInclude>
    <ClInclude Include="..\..\tests\LibcxxTester.h">
      <Filter>Header Files\tests</Filter>
    </ClInclude>
    <ClInclude Include="..\..\tests\TestSettings.h">
      <Filter>Header Files\tests</Filter>
    </ClInclude>
    <ClInclude Include="..\..\..\momo\stdish\unordered_multimap.h">
      <Filter>Header Files\momo\stdish</Filter>
    </ClInclude>
    <ClInclude Include="..\..\tests\LibcxxUnorderedMultiMapTests.h">
      <Filter>Header Files\tests</Filter>
    </ClInclude>
    <ClInclude Include="..\..\tests\LibcxxHashMapTester.h">
      <Filter>Header Files\tests</Filter>
    </ClInclude>
    <ClInclude Include="..\..\tests\LibcxxHashMultiMapTester.h">
      <Filter>Header Files\tests</Filter>
    </ClInclude>
    <ClInclude Include="..\..\tests\LibcxxHashSetTester.h">
      <Filter>Header Files\tests</Filter>
    </ClInclude>
    <ClInclude Include="..\..\..\momo\stdish\pool_allocator.h">
      <Filter>Header Files\momo\stdish</Filter>
    </ClInclude>
    <ClInclude Include="..\..\..\momo\TreeSet.h">
      <Filter>Header Files\momo</Filter>
    </ClInclude>
    <ClInclude Include="..\..\..\momo\TreeTraits.h">
      <Filter>Header Files\momo</Filter>
    </ClInclude>
    <ClInclude Include="..\..\..\momo\stdish\set.h">
      <Filter>Header Files\momo\stdish</Filter>
    </ClInclude>
    <ClInclude Include="..\..\tests\LibcxxSetTests.h">
      <Filter>Header Files\tests</Filter>
    </ClInclude>
    <ClInclude Include="..\..\..\momo\MapUtility.h">
      <Filter>Header Files\momo</Filter>
    </ClInclude>
    <ClInclude Include="..\..\..\momo\IteratorUtility.h">
      <Filter>Header Files\momo</Filter>
    </ClInclude>
    <ClInclude Include="..\..\..\momo\TreeMap.h">
      <Filter>Header Files\momo</Filter>
    </ClInclude>
    <ClInclude Include="..\..\..\momo\stdish\map.h">
      <Filter>Header Files\momo\stdish</Filter>
    </ClInclude>
    <ClInclude Include="..\..\tests\LibcxxMapTests.h">
      <Filter>Header Files\tests</Filter>
    </ClInclude>
    <ClInclude Include="..\..\..\momo\details\TreeNode.h">
      <Filter>Header Files\momo\details</Filter>
    </ClInclude>
    <ClInclude Include="..\..\..\momo\SetUtility.h">
      <Filter>Header Files\momo</Filter>
    </ClInclude>
    <ClInclude Include="..\..\..\momo\UserSettings.h">
      <Filter>Header Files\momo</Filter>
    </ClInclude>
    <ClInclude Include="..\..\..\momo\details\HashBucketOneI.h">
      <Filter>Header Files\momo\details</Filter>
    </ClInclude>
    <ClInclude Include="..\..\..\momo\DataColumn.h">
      <Filter>Header Files\momo</Filter>
    </ClInclude>
    <ClInclude Include="..\..\..\momo\DataIndexes.h">
      <Filter>Header Files\momo</Filter>
    </ClInclude>
    <ClInclude Include="..\..\..\momo\DataRow.h">
      <Filter>Header Files\momo</Filter>
    </ClInclude>
    <ClInclude Include="..\..\..\momo\DataSelection.h">
      <Filter>Header Files\momo</Filter>
    </ClInclude>
    <ClInclude Include="..\..\..\momo\DataTable.h">
      <Filter>Header Files\momo</Filter>
    </ClInclude>
    <ClInclude Include="..\..\..\momo\stdish\node_handle.h">
      <Filter>Header Files\momo\stdish</Filter>
    </ClInclude>
    <ClInclude Include="..\..\..\momo\details\HashBucketLimP4.h">
      <Filter>Header Files\momo\details</Filter>
    </ClInclude>
    <ClInclude Include="..\..\..\momo\details\HashBucketOneIA.h">
      <Filter>Header Files\momo\details</Filter>
    </ClInclude>
    <ClInclude Include="..\..\..\momo\details\HashBucketOpen1.h">
      <Filter>Header Files\momo\details</Filter>
    </ClInclude>
    <ClInclude Include="..\..\..\momo\details\HashBucketOpenN1.h">
      <Filter>Header Files\momo\details</Filter>
    </ClInclude>
    <ClInclude Include="..\..\..\momo\details\HashBucketOpenN.h">
      <Filter>Header Files\momo\details</Filter>
    </ClInclude>
    <ClInclude Include="..\..\..\momo\details\HashBucketOpen2N.h">
      <Filter>Header Files\momo\details</Filter>
    </ClInclude>
    <ClInclude Include="..\..\tests\SimpleHashTester.h">
      <Filter>Header Files\tests</Filter>
    </ClInclude>
    <ClInclude Include="..\..\..\momo\details\HashBucketOpen2N2.h">
      <Filter>Header Files\momo\details</Filter>
    </ClInclude>
  </ItemGroup>
</Project>